
Microsoft Visual Studio Solution File, Format Version 12.00
# Visual Studio 15
VisualStudioVersion = 15.0.27428.2037
MinimumVisualStudioVersion = 10.0.40219.1
Project("{FAE04EC0-301F-11D3-BF4B-00C04F79EFBC}") = "ConsoleApp3", "ConsoleApp3\ConsoleApp3.csproj", "{1801B644-B535-40E1-9312-A2CDDC19CBDF}"
EndProject
Global
	GlobalSection(SolutionConfigurationPlatforms) = preSolution
		Debug|Any CPU = Debug|Any CPU
		Release|Any CPU = Release|Any CPU
	EndGlobalSection
	GlobalSection(ProjectConfigurationPlatforms) = postSolution
		{1801B644-B535-40E1-9312-A2CDDC19CBDF}.Debug|Any CPU.ActiveCfg = Debug|Any CPU
		{1801B644-B535-40E1-9312-A2CDDC19CBDF}.Debug|Any CPU.Build.0 = Debug|Any CPU
		{1801B644-B535-40E1-9312-A2CDDC19CBDF}.Release|Any CPU.ActiveCfg = Release|Any CPU
		{1801B644-B535-40E1-9312-A2CDDC19CBDF}.Release|Any CPU.Build.0 = Release|Any CPU
	EndGlobalSection
	GlobalSection(SolutionProperties) = preSolution
		HideSolutionNode = FALSE
	EndGlobalSection
	GlobalSection(ExtensibilityGlobals) = postSolution
		SolutionGuid = {09387608-643B-40FF-8E45-B3E51BC6C7D1}
	EndGlobalSection
EndGlobal
